
Microsoft Visual Studio Solution File, Format Version 12.00
# Visual Studio 15
VisualStudioVersion = 15.0.27130.2036
MinimumVisualStudioVersion = 10.0.40219.1
Project("{FAE04EC0-301F-11D3-BF4B-00C04F79EFBC}") = "Prime Manager", "Prime Manager\Prime Manager.csproj", "{8B323417-6EAF-4009-B9D6-123E6A1200F7}"
EndProject
Project("{FAE04EC0-301F-11D3-BF4B-00C04F79EFBC}") = "Market", "WarframeMarket\Market.csproj", "{51A34180-E89F-4E84-8008-BA11B1F047B0}"
EndProject
Project("{FAE04EC0-301F-11D3-BF4B-00C04F79EFBC}") = "Nexus", "Nexus\Nexus.csproj", "{EEFE51E1-1E3C-40E6-844A-61095C9C3E57}"
EndProject
Project("{FAE04EC0-301F-11D3-BF4B-00C04F79EFBC}") = "Warframe", "Warframe\Warframe.csproj", "{B59BF6B4-53D6-44E0-8810-729F64F968BD}"
EndProject
Global
	GlobalSection(SolutionConfigurationPlatforms) = preSolution
		Debug|Any CPU = Debug|Any CPU
		Release|Any CPU = Release|Any CPU
	EndGlobalSection
	GlobalSection(ProjectConfigurationPlatforms) = postSolution
		{8B323417-6EAF-4009-B9D6-123E6A1200F7}.Debug|Any CPU.ActiveCfg = Debug|Any CPU
		{8B323417-6EAF-4009-B9D6-123E6A1200F7}.Debug|Any CPU.Build.0 = Debug|Any CPU
		{8B323417-6EAF-4009-B9D6-123E6A1200F7}.Release|Any CPU.ActiveCfg = Release|Any CPU
		{8B323417-6EAF-4009-B9D6-123E6A1200F7}.Release|Any CPU.Build.0 = Release|Any CPU
		{51A34180-E89F-4E84-8008-BA11B1F047B0}.Debug|Any CPU.ActiveCfg = Debug|Any CPU
		{51A34180-E89F-4E84-8008-BA11B1F047B0}.Debug|Any CPU.Build.0 = Debug|Any CPU
		{51A34180-E89F-4E84-8008-BA11B1F047B0}.Release|Any CPU.ActiveCfg = Release|Any CPU
		{51A34180-E89F-4E84-8008-BA11B1F047B0}.Release|Any CPU.Build.0 = Release|Any CPU
		{EEFE51E1-1E3C-40E6-844A-61095C9C3E57}.Debug|Any CPU.ActiveCfg = Debug|Any CPU
		{EEFE51E1-1E3C-40E6-844A-61095C9C3E57}.Debug|Any CPU.Build.0 = Debug|Any CPU
		{EEFE51E1-1E3C-40E6-844A-61095C9C3E57}.Release|Any CPU.ActiveCfg = Release|Any CPU
		{EEFE51E1-1E3C-40E6-844A-61095C9C3E57}.Release|Any CPU.Build.0 = Release|Any CPU
		{B59BF6B4-53D6-44E0-8810-729F64F968BD}.Debug|Any CPU.ActiveCfg = Debug|Any CPU
		{B59BF6B4-53D6-44E0-8810-729F64F968BD}.Debug|Any CPU.Build.0 = Debug|Any CPU
		{B59BF6B4-53D6-44E0-8810-729F64F968BD}.Release|Any CPU.ActiveCfg = Release|Any CPU
		{B59BF6B4-53D6-44E0-8810-729F64F968BD}.Release|Any CPU.Build.0 = Release|Any CPU
	EndGlobalSection
	GlobalSection(SolutionProperties) = preSolution
		HideSolutionNode = FALSE
	EndGlobalSection
	GlobalSection(ExtensibilityGlobals) = postSolution
		SolutionGuid = {1F19340C-1DCB-4E4B-8BB1-58D094AD9DB8}
	EndGlobalSection
EndGlobal
